
Microsoft Visual Studio Solution File, Format Version 12.00
# Visual Studio 2013
VisualStudioVersion = 12.0.21005.1
MinimumVisualStudioVersion = 10.0.40219.1
Project("{8BC9CEB8-8B4A-11D0-8D11-00A0C91BC942}") = "20190728", "20190728\20190728.vcxproj", "{36B3B9A5-C3A5-4F60-92D3-00B82298CCCF}"
EndProject
Global
	GlobalSection(SolutionConfigurationPlatforms) = preSolution
		Debug|Win32 = Debug|Win32
		Release|Win32 = Release|Win32
	EndGlobalSection
	GlobalSection(ProjectConfigurationPlatforms) = postSolution
		{36B3B9A5-C3A5-4F60-92D3-00B82298CCCF}.Debug|Win32.ActiveCfg = Debug|Win32
		{36B3B9A5-C3A5-4F60-92D3-00B82298CCCF}.Debug|Win32.Build.0 = Debug|Win32
		{36B3B9A5-C3A5-4F60-92D3-00B82298CCCF}.Release|Win32.ActiveCfg = Release|Win32
		{36B3B9A5-C3A5-4F60-92D3-00B82298CCCF}.Release|Win32.Build.0 = Release|Win32
	EndGlobalSection
	GlobalSection(SolutionProperties) = preSolution
		HideSolutionNode = FALSE
	EndGlobalSection
EndGlobal
